// !$*UTF8*$!
{
	archiveVersion = 1;
	classes = {
	};
	objectVersion = 50;
	objects = {

/* Begin PBXBuildFile section */
		D091510D2270F25C00CED3DB /* LinkList.cpp in Sources */ = {isa = PBXBuildFile; fileRef = D091510C2270F25C00CED3DB /* LinkList.cpp */; };
		D091510F2270F26600CED3DB /* BinaryTree.cpp in Sources */ = {isa = PBXBuildFile; fileRef = D091510E2270F26600CED3DB /* BinaryTree.cpp */; };
		D09151162270F26D00CED3DB /* BinaryHeap.cpp in Sources */ = {isa = PBXBuildFile; fileRef = D09151112270F26D00CED3DB /* BinaryHeap.cpp */; };
		D09151172270F26D00CED3DB /* Graph.cpp in Sources */ = {isa = PBXBuildFile; fileRef = D09151122270F26D00CED3DB /* Graph.cpp */; };
		D09151182270F26D00CED3DB /* main.cpp in Sources */ = {isa = PBXBuildFile; fileRef = D09151152270F26D00CED3DB /* main.cpp */; };
/* End PBXBuildFile section */

/* Begin PBXCopyFilesBuildPhase section */
		D067EB6422329EB60086F8F3 /* CopyFiles */ = {
			isa = PBXCopyFilesBuildPhase;
			buildActionMask = 2147483647;
			dstPath = /usr/share/man/man1/;
			dstSubfolderSpec = 0;
			files = (
			);
			runOnlyForDeploymentPostprocessing = 1;
		};
/* End PBXCopyFilesBuildPhase section */

/* Begin PBXFileReference section */
		D067EB6622329EB60086F8F3 /* dpsa-labs */ = {isa = PBXFileReference; explicitFileType = "compiled.mach-o.executable"; includeInIndex = 0; path = "dpsa-labs"; sourceTree = BUILT_PRODUCTS_DIR; };
		D091510C2270F25C00CED3DB /* LinkList.cpp */ = {isa = PBXFileReference; fileEncoding = 4; lastKnownFileType = sourcecode.cpp.cpp; path = LinkList.cpp; sourceTree = "<group>"; };
		D091510E2270F26600CED3DB /* BinaryTree.cpp */ = {isa = PBXFileReference; fileEncoding = 4; lastKnownFileType = sourcecode.cpp.cpp; path = BinaryTree.cpp; sourceTree = "<group>"; };
		D09151102270F26D00CED3DB /* mst.h */ = {isa = PBXFileReference; fileEncoding = 4; lastKnownFileType = sourcecode.c.h; path = mst.h; sourceTree = "<group>"; };
		D09151112270F26D00CED3DB /* BinaryHeap.cpp */ = {isa = PBXFileReference; fileEncoding = 4; lastKnownFileType = sourcecode.cpp.cpp; path = BinaryHeap.cpp; sourceTree = "<group>"; };
		D09151122270F26D00CED3DB /* Graph.cpp */ = {isa = PBXFileReference; fileEncoding = 4; lastKnownFileType = sourcecode.cpp.cpp; path = Graph.cpp; sourceTree = "<group>"; };
		D09151132270F26D00CED3DB /* BinaryHeap.h */ = {isa = PBXFileReference; fileEncoding = 4; lastKnownFileType = sourcecode.c.h; path = BinaryHeap.h; sourceTree = "<group>"; };
		D09151142270F26D00CED3DB /* Graph.h */ = {isa = PBXFileReference; fileEncoding = 4; lastKnownFileType = sourcecode.c.h; path = Graph.h; sourceTree = "<group>"; };
		D09151152270F26D00CED3DB /* main.cpp */ = {isa = PBXFileReference; fileEncoding = 4; lastKnownFileType = sourcecode.cpp.cpp; path = main.cpp; sourceTree = "<group>"; };
/* End PBXFileReference section */

/* Begin PBXFrameworksBuildPhase section */
		D067EB6322329EB60086F8F3 /* Frameworks */ = {
			isa = PBXFrameworksBuildPhase;
			buildActionMask = 2147483647;
			files = (
			);
			runOnlyForDeploymentPostprocessing = 0;
		};
/* End PBXFrameworksBuildPhase section */

/* Begin PBXGroup section */
		D067EB5D22329EB60086F8F3 = {
			isa = PBXGroup;
			children = (
				D067EB6822329EB60086F8F3 /* dpsa-labs */,
				D067EB6722329EB60086F8F3 /* Products */,
			);
			sourceTree = "<group>";
		};
		D067EB6722329EB60086F8F3 /* Products */ = {
			isa = PBXGroup;
			children = (
				D067EB6622329EB60086F8F3 /* dpsa-labs */,
			);
			name = Products;
			sourceTree = "<group>";
		};
		D067EB6822329EB60086F8F3 /* dpsa-labs */ = {
			isa = PBXGroup;
			children = (
				D067EB7022329EC10086F8F3 /* lab1 */,
				D091510A2270F20A00CED3DB /* lab 2 */,
				D091510B2270F21A00CED3DB /* lab 3 */,
			);
			path = "dpsa-labs";
			sourceTree = "<group>";
		};
		D067EB7022329EC10086F8F3 /* lab1 */ = {
			isa = PBXGroup;
			children = (
				D091510C2270F25C00CED3DB /* LinkList.cpp */,
			);
			path = lab1;
			sourceTree = "<group>";
		};
		D091510A2270F20A00CED3DB /* lab 2 */ = {
			isa = PBXGroup;
			children = (
				D091510E2270F26600CED3DB /* BinaryTree.cpp */,
			);
			path = "lab 2";
			sourceTree = "<group>";
		};
		D091510B2270F21A00CED3DB /* lab 3 */ = {
			isa = PBXGroup;
			children = (
				D09151112270F26D00CED3DB /* BinaryHeap.cpp */,
				D09151132270F26D00CED3DB /* BinaryHeap.h */,
				D09151122270F26D00CED3DB /* Graph.cpp */,
				D09151142270F26D00CED3DB /* Graph.h */,
				D09151152270F26D00CED3DB /* main.cpp */,
				D09151102270F26D00CED3DB /* mst.h */,
			);
			path = "lab 3";
			sourceTree = "<group>";
		};
/* End PBXGroup section */

/* Begin PBXNativeTarget section */
		D067EB6522329EB60086F8F3 /* dpsa-labs */ = {
			isa = PBXNativeTarget;
			buildConfigurationList = D067EB6D22329EB60086F8F3 /* Build configuration list for PBXNativeTarget "dpsa-labs" */;
			buildPhases = (
				D067EB6222329EB60086F8F3 /* Sources */,
				D067EB6322329EB60086F8F3 /* Frameworks */,
				D067EB6422329EB60086F8F3 /* CopyFiles */,
			);
			buildRules = (
			);
			dependencies = (
			);
			name = "dpsa-labs";
			productName = "dpsa-labs";
			productReference = D067EB6622329EB60086F8F3 /* dpsa-labs */;
			productType = "com.apple.product-type.tool";
		};
/* End PBXNativeTarget section */

/* Begin PBXProject section */
		D067EB5E22329EB60086F8F3 /* Project object */ = {
			isa = PBXProject;
			attributes = {
				LastUpgradeCheck = 1010;
				ORGANIZATIONNAME = "MacBook Air";
				TargetAttributes = {
					D067EB6522329EB60086F8F3 = {
						CreatedOnToolsVersion = 10.1;
					};
				};
			};
			buildConfigurationList = D067EB6122329EB60086F8F3 /* Build configuration list for PBXProject "dpsa-labs" */;
			compatibilityVersion = "Xcode 9.3";
			developmentRegion = en;
			hasScannedForEncodings = 0;
			knownRegions = (
				en,
			);
			mainGroup = D067EB5D22329EB60086F8F3;
			productRefGroup = D067EB6722329EB60086F8F3 /* Products */;
			projectDirPath = "";
			projectRoot = "";
			targets = (
				D067EB6522329EB60086F8F3 /* dpsa-labs */,
			);
		};
/* End PBXProject section */

/* Begin PBXSourcesBuildPhase section */
		D067EB6222329EB60086F8F3 /* Sources */ = {
			isa = PBXSourcesBuildPhase;
			buildActionMask = 2147483647;
			files = (
				D09151172270F26D00CED3DB /* Graph.cpp in Sources */,
				D091510F2270F26600CED3DB /* BinaryTree.cpp in Sources */,
				D091510D2270F25C00CED3DB /* LinkList.cpp in Sources */,
				D09151182270F26D00CED3DB /* main.cpp in Sources */,
				D09151162270F26D00CED3DB /* BinaryHeap.cpp in Sources */,
			);
			runOnlyForDeploymentPostprocessing = 0;
		};
/* End PBXSourcesBuildPhase section */

/* Begin XCBuildConfiguration section */
		D067EB6B22329EB60086F8F3 /* Debug */ = {
			isa = XCBuildConfiguration;
			buildSettings = {
				ALWAYS_SEARCH_USER_PATHS = NO;
				CLANG_ANALYZER_NONNULL = YES;
				CLANG_ANALYZER_NUMBER_OBJECT_CONVERSION = YES_AGGRESSIVE;
				CLANG_CXX_LANGUAGE_STANDARD = "gnu++14";
				CLANG_CXX_LIBRARY = "libc++";
				CLANG_ENABLE_MODULES = YES;
				CLANG_ENABLE_OBJC_ARC = YES;
				CLANG_ENABLE_OBJC_WEAK = YES;
				CLANG_WARN_BLOCK_CAPTURE_AUTORELEASING = YES;
				CLANG_WARN_BOOL_CONVERSION = YES;
				CLANG_WARN_COMMA = YES;
				CLANG_WARN_CONSTANT_CONVERSION = YES;
				CLANG_WARN_DEPRECATED_OBJC_IMPLEMENTATIONS = YES;
				CLANG_WARN_DIRECT_OBJC_ISA_USAGE = YES_ERROR;
				CLANG_WARN_DOCUMENTATION_COMMENTS = YES;
				CLANG_WARN_EMPTY_BODY = YES;
				CLANG_WARN_ENUM_CONVERSION = YES;
				CLANG_WARN_INFINITE_RECURSION = YES;
				CLANG_WARN_INT_CONVERSION = YES;
				CLANG_WARN_NON_LITERAL_NULL_CONVERSION = YES;
				CLANG_WARN_OBJC_IMPLICIT_RETAIN_SELF = YES;
				CLANG_WARN_OBJC_LITERAL_CONVERSION = YES;
				CLANG_WARN_OBJC_ROOT_CLASS = YES_ERROR;
				CLANG_WARN_RANGE_LOOP_ANALYSIS = YES;
				CLANG_WARN_STRICT_PROTOTYPES = YES;
				CLANG_WARN_SUSPICIOUS_MOVE = YES;
				CLANG_WARN_UNGUARDED_AVAILABILITY = YES_AGGRESSIVE;
				CLANG_WARN_UNREACHABLE_CODE = YES;
				CLANG_WARN__DUPLICATE_METHOD_MATCH = YES;
				CODE_SIGN_IDENTITY = "Mac Developer";
				COPY_PHASE_STRIP = NO;
				DEBUG_INFORMATION_FORMAT = dwarf;
				ENABLE_STRICT_OBJC_MSGSEND = YES;
				ENABLE_TESTABILITY = YES;
				GCC_C_LANGUAGE_STANDARD = gnu11;
				GCC_DYNAMIC_NO_PIC = NO;
				GCC_NO_COMMON_BLOCKS = YES;
				GCC_OPTIMIZATION_LEVEL = 0;
				GCC_PREPROCESSOR_DEFINITIONS = (
					"DEBUG=1",
					"$(inherited)",
				);
				GCC_WARN_64_TO_32_BIT_CONVERSION = YES;
				GCC_WARN_ABOUT_RETURN_TYPE = YES_ERROR;
				GCC_WARN_UNDECLARED_SELECTOR = YES;
				GCC_WARN_UNINITIALIZED_AUTOS = YES_AGGRESSIVE;
				GCC_WARN_UNUSED_FUNCTION = YES;
				GCC_WARN_UNUSED_VARIABLE = YES;
				MACOSX_DEPLOYMENT_TARGET = 10.13;
				MTL_ENABLE_DEBUG_INFO = INCLUDE_SOURCE;
				MTL_FAST_MATH = YES;
				ONLY_ACTIVE_ARCH = YES;
				SDKROOT = macosx;
			};
			name = Debug;
		};
		D067EB6C22329EB60086F8F3 /* Release */ = {
			isa = XCBuildConfiguration;
			buildSettings = {
				ALWAYS_SEARCH_USER_PATHS = NO;
				CLANG_ANALYZER_NONNULL = YES;
				CLANG_ANALYZER_NUMBER_OBJECT_CONVERSION = YES_AGGRESSIVE;
				CLANG_CXX_LANGUAGE_STANDARD = "gnu++14";
				CLANG_CXX_LIBRARY = "libc++";
				CLANG_ENABLE_MODULES = YES;
				CLANG_ENABLE_OBJC_ARC = YES;
				CLANG_ENABLE_OBJC_WEAK = YES;
				CLANG_WARN_BLOCK_CAPTURE_AUTORELEASING = YES;
				CLANG_WARN_BOOL_CONVERSION = YES;
				CLANG_WARN_COMMA = YES;
				CLANG_WARN_CONSTANT_CONVERSION = YES;
				CLANG_WARN_DEPRECATED_OBJC_IMPLEMENTATIONS = YES;
				CLANG_WARN_DIRECT_OBJC_ISA_USAGE = YES_ERROR;
				CLANG_WARN_DOCUMENTATION_COMMENTS = YES;
				CLANG_WARN_EMPTY_BODY = YES;
				CLANG_WARN_ENUM_CONVERSION = YES;
				CLANG_WARN_INFINITE_RECURSION = YES;
				CLANG_WARN_INT_CONVERSION = YES;
				CLANG_WARN_NON_LITERAL_NULL_CONVERSION = YES;
				CLANG_WARN_OBJC_IMPLICIT_RETAIN_SELF = YES;
				CLANG_WARN_OBJC_LITERAL_CONVERSION = YES;
				CLANG_WARN_OBJC_ROOT_CLASS = YES_ERROR;
				CLANG_WARN_RANGE_LOOP_ANALYSIS = YES;
				CLANG_WARN_STRICT_PROTOTYPES = YES;
				CLANG_WARN_SUSPICIOUS_MOVE = YES;
				CLANG_WARN_UNGUARDED_AVAILABILITY = YES_AGGRESSIVE;
				CLANG_WARN_UNREACHABLE_CODE = YES;
				CLANG_WARN__DUPLICATE_METHOD_MATCH = YES;
				CODE_SIGN_IDENTITY = "Mac Developer";
				COPY_PHASE_STRIP = NO;
				DEBUG_INFORMATION_FORMAT = "dwarf-with-dsym";
				ENABLE_NS_ASSERTIONS = NO;
				ENABLE_STRICT_OBJC_MSGSEND = YES;
				GCC_C_LANGUAGE_STANDARD = gnu11;
				GCC_NO_COMMON_BLOCKS = YES;
				GCC_WARN_64_TO_32_BIT_CONVERSION = YES;
				GCC_WARN_ABOUT_RETURN_TYPE = YES_ERROR;
				GCC_WARN_UNDECLARED_SELECTOR = YES;
				GCC_WARN_UNINITIALIZED_AUTOS = YES_AGGRESSIVE;
				GCC_WARN_UNUSED_FUNCTION = YES;
				GCC_WARN_UNUSED_VARIABLE = YES;
				MACOSX_DEPLOYMENT_TARGET = 10.13;
				MTL_ENABLE_DEBUG_INFO = NO;
				MTL_FAST_MATH = YES;
				SDKROOT = macosx;
			};
			name = Release;
		};
		D067EB6E22329EB60086F8F3 /* Debug */ = {
			isa = XCBuildConfiguration;
			buildSettings = {
				CODE_SIGN_STYLE = Automatic;
				DEVELOPMENT_TEAM = RN5J25X5C5;
				PRODUCT_NAME = "$(TARGET_NAME)";
			};
			name = Debug;
		};
		D067EB6F22329EB60086F8F3 /* Release */ = {
			isa = XCBuildConfiguration;
			buildSettings = {
				CODE_SIGN_STYLE = Automatic;
				DEVELOPMENT_TEAM = RN5J25X5C5;
				PRODUCT_NAME = "$(TARGET_NAME)";
			};
			name = Release;
		};
/* End XCBuildConfiguration section */

/* Begin XCConfigurationList section */
		D067EB6122329EB60086F8F3 /* Build configuration list for PBXProject "dpsa-labs" */ = {
			isa = XCConfigurationList;
			buildConfigurations = (
				D067EB6B22329EB60086F8F3 /* Debug */,
				D067EB6C22329EB60086F8F3 /* Release */,
			);
			defaultConfigurationIsVisible = 0;
			defaultConfigurationName = Release;
		};
		D067EB6D22329EB60086F8F3 /* Build configuration list for PBXNativeTarget "dpsa-labs" */ = {
			isa = XCConfigurationList;
			buildConfigurations = (
				D067EB6E22329EB60086F8F3 /* Debug */,
				D067EB6F22329EB60086F8F3 /* Release */,
			);
			defaultConfigurationIsVisible = 0;
			defaultConfigurationName = Release;
		};
/* End XCConfigurationList section */
	};
	rootObject = D067EB5E22329EB60086F8F3 /* Project object */;
}
